// !$*UTF8*$!
{
	archiveVersion = 1;
	classes = {
	};
	objectVersion = 51;
	objects = {

/* Begin PBXBuildFile section */
		05F56C9A263682A500681C4E /* SearchTableViewController.swift in Sources */ = {isa = PBXBuildFile; fileRef = 05F56C99263682A500681C4E /* SearchTableViewController.swift */; };
		0F032556BD29E0026D50B71B /* Pods_Phrasy.framework in Frameworks */ = {isa = PBXBuildFile; fileRef = 63768546924F9025BA8AB497 /* Pods_Phrasy.framework */; };
		312B4DC4261AF4CC007E22B9 /* QuestionCell.swift in Sources */ = {isa = PBXBuildFile; fileRef = 312B4DC3261AF4CC007E22B9 /* QuestionCell.swift */; };
		31491F352636949C0048C8DE /* UserCell.swift in Sources */ = {isa = PBXBuildFile; fileRef = 31491F342636949C0048C8DE /* UserCell.swift */; };
		31E9D66D261AED7600BA6D6A /* PhraseEngineViewController.swift in Sources */ = {isa = PBXBuildFile; fileRef = 31E9D66C261AED7600BA6D6A /* PhraseEngineViewController.swift */; };
		990E92792627C4D20088C467 /* HomeViewController.swift in Sources */ = {isa = PBXBuildFile; fileRef = 990E92782627C4D20088C467 /* HomeViewController.swift */; };
		990E92802627C6BD0088C467 /* SettingsViewController.swift in Sources */ = {isa = PBXBuildFile; fileRef = 990E927F2627C6BD0088C467 /* SettingsViewController.swift */; };
		9918200E261AE00F0084CA33 /* AppDelegate.swift in Sources */ = {isa = PBXBuildFile; fileRef = 9918200D261AE00F0084CA33 /* AppDelegate.swift */; };
		99182010261AE00F0084CA33 /* SceneDelegate.swift in Sources */ = {isa = PBXBuildFile; fileRef = 9918200F261AE00F0084CA33 /* SceneDelegate.swift */; };
		99182015261AE00F0084CA33 /* Main.storyboard in Resources */ = {isa = PBXBuildFile; fileRef = 99182013261AE00F0084CA33 /* Main.storyboard */; };
		994A47162627B86B008A6D56 /* LoginViewController.swift in Sources */ = {isa = PBXBuildFile; fileRef = 994A47152627B86B008A6D56 /* LoginViewController.swift */; };
		996E8878262C21E70030E710 /* PersonCell.swift in Sources */ = {isa = PBXBuildFile; fileRef = 996E8877262C21E70030E710 /* PersonCell.swift */; };
		997B085B2634EF0C00B57B52 /* ColorHexConverter.swift in Sources */ = {isa = PBXBuildFile; fileRef = 997B085A2634EF0C00B57B52 /* ColorHexConverter.swift */; };
		997B08722636901A00B57B52 /* ProfilePicViewController.swift in Sources */ = {isa = PBXBuildFile; fileRef = 997B086F2636901A00B57B52 /* ProfilePicViewController.swift */; };
		997B08732636901A00B57B52 /* InitialInfoViewController.swift in Sources */ = {isa = PBXBuildFile; fileRef = 997B08702636901A00B57B52 /* InitialInfoViewController.swift */; };
		997B08742636901A00B57B52 /* InitialMoodViewController.swift in Sources */ = {isa = PBXBuildFile; fileRef = 997B08712636901A00B57B52 /* InitialMoodViewController.swift */; };
		997B088626373AA300B57B52 /* BackgroundGradient.swift in Sources */ = {isa = PBXBuildFile; fileRef = 997B088526373AA300B57B52 /* BackgroundGradient.swift */; };
		99809D242627D40A0075A531 /* LaunchScreen.storyboard in Resources */ = {isa = PBXBuildFile; fileRef = 99809D232627D40A0075A531 /* LaunchScreen.storyboard */; };
		99809D282627E0920075A531 /* Assets.xcassets in Resources */ = {isa = PBXBuildFile; fileRef = 99809D272627E0920075A531 /* Assets.xcassets */; };
		99B010E3261D4F68006A53CF /* Catamaran-VariableFont_wght.ttf in Resources */ = {isa = PBXBuildFile; fileRef = 99B010E2261D4F68006A53CF /* Catamaran-VariableFont_wght.ttf */; };
		99B010EE261E5545006A53CF /* AnswerChoiceCell.swift in Sources */ = {isa = PBXBuildFile; fileRef = 99B010ED261E5545006A53CF /* AnswerChoiceCell.swift */; };
/* End PBXBuildFile section */

/* Begin PBXFileReference section */
		05F56C99263682A500681C4E /* SearchTableViewController.swift */ = {isa = PBXFileReference; lastKnownFileType = sourcecode.swift; path = SearchTableViewController.swift; sourceTree = "<group>"; };
		312B4DC3261AF4CC007E22B9 /* QuestionCell.swift */ = {isa = PBXFileReference; lastKnownFileType = sourcecode.swift; path = QuestionCell.swift; sourceTree = "<group>"; };
		31491F342636949C0048C8DE /* UserCell.swift */ = {isa = PBXFileReference; lastKnownFileType = sourcecode.swift; path = UserCell.swift; sourceTree = "<group>"; };
		31E9D66C261AED7600BA6D6A /* PhraseEngineViewController.swift */ = {isa = PBXFileReference; lastKnownFileType = sourcecode.swift; path = PhraseEngineViewController.swift; sourceTree = "<group>"; };
		63768546924F9025BA8AB497 /* Pods_Phrasy.framework */ = {isa = PBXFileReference; explicitFileType = wrapper.framework; includeInIndex = 0; path = Pods_Phrasy.framework; sourceTree = BUILT_PRODUCTS_DIR; };
		7473B7F3E8BC4E387E339B50 /* Pods-Phrasy.debug.xcconfig */ = {isa = PBXFileReference; includeInIndex = 1; lastKnownFileType = text.xcconfig; name = "Pods-Phrasy.debug.xcconfig"; path = "Target Support Files/Pods-Phrasy/Pods-Phrasy.debug.xcconfig"; sourceTree = "<group>"; };
		990E92782627C4D20088C467 /* HomeViewController.swift */ = {isa = PBXFileReference; lastKnownFileType = sourcecode.swift; path = HomeViewController.swift; sourceTree = "<group>"; };
		990E927F2627C6BD0088C467 /* SettingsViewController.swift */ = {isa = PBXFileReference; lastKnownFileType = sourcecode.swift; path = SettingsViewController.swift; sourceTree = "<group>"; };
		9918200A261AE00F0084CA33 /* Phrasy.app */ = {isa = PBXFileReference; explicitFileType = wrapper.application; includeInIndex = 0; path = Phrasy.app; sourceTree = BUILT_PRODUCTS_DIR; };
		9918200D261AE00F0084CA33 /* AppDelegate.swift */ = {isa = PBXFileReference; lastKnownFileType = sourcecode.swift; path = AppDelegate.swift; sourceTree = "<group>"; };
		9918200F261AE00F0084CA33 /* SceneDelegate.swift */ = {isa = PBXFileReference; lastKnownFileType = sourcecode.swift; path = SceneDelegate.swift; sourceTree = "<group>"; };
		99182014261AE00F0084CA33 /* Base */ = {isa = PBXFileReference; lastKnownFileType = file.storyboard; name = Base; path = Base.lproj/Main.storyboard; sourceTree = "<group>"; };
		9918201B261AE0140084CA33 /* Info.plist */ = {isa = PBXFileReference; lastKnownFileType = text.plist.xml; path = Info.plist; sourceTree = "<group>"; };
		994A47152627B86B008A6D56 /* LoginViewController.swift */ = {isa = PBXFileReference; fileEncoding = 4; lastKnownFileType = sourcecode.swift; name = LoginViewController.swift; path = ViewControllers/LoginViewController.swift; sourceTree = SOURCE_ROOT; };
		996E8877262C21E70030E710 /* PersonCell.swift */ = {isa = PBXFileReference; lastKnownFileType = sourcecode.swift; path = PersonCell.swift; sourceTree = "<group>"; };
		997B085A2634EF0C00B57B52 /* ColorHexConverter.swift */ = {isa = PBXFileReference; lastKnownFileType = sourcecode.swift; path = ColorHexConverter.swift; sourceTree = "<group>"; };
		997B086F2636901A00B57B52 /* ProfilePicViewController.swift */ = {isa = PBXFileReference; fileEncoding = 4; lastKnownFileType = sourcecode.swift; path = ProfilePicViewController.swift; sourceTree = "<group>"; };
		997B08702636901A00B57B52 /* InitialInfoViewController.swift */ = {isa = PBXFileReference; fileEncoding = 4; lastKnownFileType = sourcecode.swift; path = InitialInfoViewController.swift; sourceTree = "<group>"; };
		997B08712636901A00B57B52 /* InitialMoodViewController.swift */ = {isa = PBXFileReference; fileEncoding = 4; lastKnownFileType = sourcecode.swift; path = InitialMoodViewController.swift; sourceTree = "<group>"; };
		997B088526373AA300B57B52 /* BackgroundGradient.swift */ = {isa = PBXFileReference; lastKnownFileType = sourcecode.swift; path = BackgroundGradient.swift; sourceTree = "<group>"; };
		99809D232627D40A0075A531 /* LaunchScreen.storyboard */ = {isa = PBXFileReference; lastKnownFileType = file.storyboard; path = LaunchScreen.storyboard; sourceTree = "<group>"; };
		99809D272627E0920075A531 /* Assets.xcassets */ = {isa = PBXFileReference; lastKnownFileType = folder.assetcatalog; path = Assets.xcassets; sourceTree = "<group>"; };
		99B010E2261D4F68006A53CF /* Catamaran-VariableFont_wght.ttf */ = {isa = PBXFileReference; lastKnownFileType = file; path = "Catamaran-VariableFont_wght.ttf"; sourceTree = "<group>"; };
		99B010ED261E5545006A53CF /* AnswerChoiceCell.swift */ = {isa = PBXFileReference; lastKnownFileType = sourcecode.swift; path = AnswerChoiceCell.swift; sourceTree = "<group>"; };
		A89C55CDDE93288CF707E59C /* Pods-Phrasy.release.xcconfig */ = {isa = PBXFileReference; includeInIndex = 1; lastKnownFileType = text.xcconfig; name = "Pods-Phrasy.release.xcconfig"; path = "Target Support Files/Pods-Phrasy/Pods-Phrasy.release.xcconfig"; sourceTree = "<group>"; };
/* End PBXFileReference section */

/* Begin PBXFrameworksBuildPhase section */
		99182007261AE00F0084CA33 /* Frameworks */ = {
			isa = PBXFrameworksBuildPhase;
			buildActionMask = 2147483647;
			files = (
				0F032556BD29E0026D50B71B /* Pods_Phrasy.framework in Frameworks */,
			);
			runOnlyForDeploymentPostprocessing = 0;
		};
/* End PBXFrameworksBuildPhase section */

/* Begin PBXGroup section */
		05E75D3A262A8DB700761EF7 /* ViewControllers */ = {
			isa = PBXGroup;
			children = (
			);
			path = ViewControllers;
			sourceTree = "<group>";
		};
		31E9D66B261AED3C00BA6D6A /* ViewControllers */ = {
			isa = PBXGroup;
			children = (
				997B084F26339EE500B57B52 /* Onboarding */,
				994A47152627B86B008A6D56 /* LoginViewController.swift */,
				31E9D66C261AED7600BA6D6A /* PhraseEngineViewController.swift */,
				990E92782627C4D20088C467 /* HomeViewController.swift */,
				990E927F2627C6BD0088C467 /* SettingsViewController.swift */,
				05F56C99263682A500681C4E /* SearchTableViewController.swift */,
			);
			path = ViewControllers;
			sourceTree = "<group>";
		};
		31E9D670261AEDB200BA6D6A /* Models */ = {
			isa = PBXGroup;
			children = (
				312B4DC3261AF4CC007E22B9 /* QuestionCell.swift */,
				99B010ED261E5545006A53CF /* AnswerChoiceCell.swift */,
				996E8877262C21E70030E710 /* PersonCell.swift */,
				31491F342636949C0048C8DE /* UserCell.swift */,
			);
			path = Models;
			sourceTree = "<group>";
		};
		4119A8937090DEA544A6B1FD /* Pods */ = {
			isa = PBXGroup;
			children = (
				7473B7F3E8BC4E387E339B50 /* Pods-Phrasy.debug.xcconfig */,
				A89C55CDDE93288CF707E59C /* Pods-Phrasy.release.xcconfig */,
			);
			path = Pods;
			sourceTree = "<group>";
		};
		99182001261AE00F0084CA33 = {
			isa = PBXGroup;
			children = (
				9918200C261AE00F0084CA33 /* Phrasy */,
				9918200B261AE00F0084CA33 /* Products */,
				4119A8937090DEA544A6B1FD /* Pods */,
				99FF924EF8F12754E91E9728 /* Frameworks */,
			);
			sourceTree = "<group>";
		};
		9918200B261AE00F0084CA33 /* Products */ = {
			isa = PBXGroup;
			children = (
				9918200A261AE00F0084CA33 /* Phrasy.app */,
			);
			name = Products;
			sourceTree = "<group>";
		};
		9918200C261AE00F0084CA33 /* Phrasy */ = {
			isa = PBXGroup;
			children = (
				05E75D3A262A8DB700761EF7 /* ViewControllers */,
				99B010E0261D4C35006A53CF /* Fonts */,
				31E9D670261AEDB200BA6D6A /* Models */,
				31E9D66B261AED3C00BA6D6A /* ViewControllers */,
				9918200D261AE00F0084CA33 /* AppDelegate.swift */,
				9918200F261AE00F0084CA33 /* SceneDelegate.swift */,
				99182013261AE00F0084CA33 /* Main.storyboard */,
				9918201B261AE0140084CA33 /* Info.plist */,
				99809D232627D40A0075A531 /* LaunchScreen.storyboard */,
				99809D272627E0920075A531 /* Assets.xcassets */,
				997B085A2634EF0C00B57B52 /* ColorHexConverter.swift */,
				997B088526373AA300B57B52 /* BackgroundGradient.swift */,
			);
			path = Phrasy;
			sourceTree = "<group>";
		};
		997B084F26339EE500B57B52 /* Onboarding */ = {
			isa = PBXGroup;
			children = (
				997B08702636901A00B57B52 /* InitialInfoViewController.swift */,
				997B08712636901A00B57B52 /* InitialMoodViewController.swift */,
				997B086F2636901A00B57B52 /* ProfilePicViewController.swift */,
			);
			path = Onboarding;
			sourceTree = "<group>";
		};
		99B010E0261D4C35006A53CF /* Fonts */ = {
			isa = PBXGroup;
			children = (
				99B010E2261D4F68006A53CF /* Catamaran-VariableFont_wght.ttf */,
			);
			path = Fonts;
			sourceTree = "<group>";
		};
		99FF924EF8F12754E91E9728 /* Frameworks */ = {
			isa = PBXGroup;
			children = (
				63768546924F9025BA8AB497 /* Pods_Phrasy.framework */,
			);
			name = Frameworks;
			sourceTree = "<group>";
		};
/* End PBXGroup section */

/* Begin PBXNativeTarget section */
		99182009261AE00F0084CA33 /* Phrasy */ = {
			isa = PBXNativeTarget;
			buildConfigurationList = 9918201E261AE0140084CA33 /* Build configuration list for PBXNativeTarget "Phrasy" */;
			buildPhases = (
				E422A1CE89BB6C3B627C1E07 /* [CP] Check Pods Manifest.lock */,
				99182006261AE00F0084CA33 /* Sources */,
				99182007261AE00F0084CA33 /* Frameworks */,
				99182008261AE00F0084CA33 /* Resources */,
				5C145A064BE0617BBF553BBC /* [CP] Embed Pods Frameworks */,
			);
			buildRules = (
			);
			dependencies = (
			);
			name = Phrasy;
			productName = Phrasy;
			productReference = 9918200A261AE00F0084CA33 /* Phrasy.app */;
			productType = "com.apple.product-type.application";
		};
/* End PBXNativeTarget section */

/* Begin PBXProject section */
		99182002261AE00F0084CA33 /* Project object */ = {
			isa = PBXProject;
			attributes = {
				LastSwiftUpdateCheck = 1220;
				LastUpgradeCheck = 1220;
				TargetAttributes = {
					99182009261AE00F0084CA33 = {
						CreatedOnToolsVersion = 12.2;
					};
				};
			};
			buildConfigurationList = 99182005261AE00F0084CA33 /* Build configuration list for PBXProject "Phrasy" */;
			compatibilityVersion = "Xcode 9.3";
			developmentRegion = en;
			hasScannedForEncodings = 0;
			knownRegions = (
				en,
				Base,
			);
			mainGroup = 99182001261AE00F0084CA33;
			productRefGroup = 9918200B261AE00F0084CA33 /* Products */;
			projectDirPath = "";
			projectRoot = "";
			targets = (
				99182009261AE00F0084CA33 /* Phrasy */,
			);
		};
/* End PBXProject section */

/* Begin PBXResourcesBuildPhase section */
		99182008261AE00F0084CA33 /* Resources */ = {
			isa = PBXResourcesBuildPhase;
			buildActionMask = 2147483647;
			files = (
				99809D242627D40A0075A531 /* LaunchScreen.storyboard in Resources */,
				99B010E3261D4F68006A53CF /* Catamaran-VariableFont_wght.ttf in Resources */,
				99809D282627E0920075A531 /* Assets.xcassets in Resources */,
				99182015261AE00F0084CA33 /* Main.storyboard in Resources */,
			);
			runOnlyForDeploymentPostprocessing = 0;
		};
/* End PBXResourcesBuildPhase section */

/* Begin PBXShellScriptBuildPhase section */
		5C145A064BE0617BBF553BBC /* [CP] Embed Pods Frameworks */ = {
			isa = PBXShellScriptBuildPhase;
			buildActionMask = 2147483647;
			files = (
			);
			inputFileListPaths = (
				"${PODS_ROOT}/Target Support Files/Pods-Phrasy/Pods-Phrasy-frameworks-${CONFIGURATION}-input-files.xcfilelist",
			);
			name = "[CP] Embed Pods Frameworks";
			outputFileListPaths = (
				"${PODS_ROOT}/Target Support Files/Pods-Phrasy/Pods-Phrasy-frameworks-${CONFIGURATION}-output-files.xcfilelist",
			);
			runOnlyForDeploymentPostprocessing = 0;
			shellPath = /bin/sh;
			shellScript = "\"${PODS_ROOT}/Target Support Files/Pods-Phrasy/Pods-Phrasy-frameworks.sh\"\n";
			showEnvVarsInLog = 0;
		};
		E422A1CE89BB6C3B627C1E07 /* [CP] Check Pods Manifest.lock */ = {
			isa = PBXShellScriptBuildPhase;
			buildActionMask = 2147483647;
			files = (
			);
			inputFileListPaths = (
			);
			inputPaths = (
				"${PODS_PODFILE_DIR_PATH}/Podfile.lock",
				"${PODS_ROOT}/Manifest.lock",
			);
			name = "[CP] Check Pods Manifest.lock";
			outputFileListPaths = (
			);
			outputPaths = (
				"$(DERIVED_FILE_DIR)/Pods-Phrasy-checkManifestLockResult.txt",
			);
			runOnlyForDeploymentPostprocessing = 0;
			shellPath = /bin/sh;
			shellScript = "diff \"${PODS_PODFILE_DIR_PATH}/Podfile.lock\" \"${PODS_ROOT}/Manifest.lock\" > /dev/null\nif [ $? != 0 ] ; then\n    # print error to STDERR\n    echo \"error: The sandbox is not in sync with the Podfile.lock. Run 'pod install' or update your CocoaPods installation.\" >&2\n    exit 1\nfi\n# This output is used by Xcode 'outputs' to avoid re-running this script phase.\necho \"SUCCESS\" > \"${SCRIPT_OUTPUT_FILE_0}\"\n";
			showEnvVarsInLog = 0;
		};
/* End PBXShellScriptBuildPhase section */

/* Begin PBXSourcesBuildPhase section */
		99182006261AE00F0084CA33 /* Sources */ = {
			isa = PBXSourcesBuildPhase;
			buildActionMask = 2147483647;
			files = (
				997B085B2634EF0C00B57B52 /* ColorHexConverter.swift in Sources */,
				997B088626373AA300B57B52 /* BackgroundGradient.swift in Sources */,
				994A47162627B86B008A6D56 /* LoginViewController.swift in Sources */,
				9918200E261AE00F0084CA33 /* AppDelegate.swift in Sources */,
				312B4DC4261AF4CC007E22B9 /* QuestionCell.swift in Sources */,
				997B08722636901A00B57B52 /* ProfilePicViewController.swift in Sources */,
				99B010EE261E5545006A53CF /* AnswerChoiceCell.swift in Sources */,
				31E9D66D261AED7600BA6D6A /* PhraseEngineViewController.swift in Sources */,
				05F56C9A263682A500681C4E /* SearchTableViewController.swift in Sources */,
				31491F352636949C0048C8DE /* UserCell.swift in Sources */,
				996E8878262C21E70030E710 /* PersonCell.swift in Sources */,
				990E92792627C4D20088C467 /* HomeViewController.swift in Sources */,
				997B08742636901A00B57B52 /* InitialMoodViewController.swift in Sources */,
				99182010261AE00F0084CA33 /* SceneDelegate.swift in Sources */,
				990E92802627C6BD0088C467 /* SettingsViewController.swift in Sources */,
				997B08732636901A00B57B52 /* InitialInfoViewController.swift in Sources */,
			);
			runOnlyForDeploymentPostprocessing = 0;
		};
/* End PBXSourcesBuildPhase section */

/* Begin PBXVariantGroup section */
		99182013261AE00F0084CA33 /* Main.storyboard */ = {
			isa = PBXVariantGroup;
			children = (
				99182014261AE00F0084CA33 /* Base */,
			);
			name = Main.storyboard;
			sourceTree = "<group>";
		};
/* End PBXVariantGroup section */

/* Begin XCBuildConfiguration section */
		9918201C261AE0140084CA33 /* Debug */ = {
			isa = XCBuildConfiguration;
			buildSettings = {
				ALWAYS_SEARCH_USER_PATHS = NO;
				CLANG_ANALYZER_NONNULL = YES;
				CLANG_ANALYZER_NUMBER_OBJECT_CONVERSION = YES_AGGRESSIVE;
				CLANG_CXX_LANGUAGE_STANDARD = "gnu++14";
				CLANG_CXX_LIBRARY = "libc++";
				CLANG_ENABLE_MODULES = YES;
				CLANG_ENABLE_OBJC_ARC = YES;
				CLANG_ENABLE_OBJC_WEAK = YES;
				CLANG_WARN_BLOCK_CAPTURE_AUTORELEASING = YES;
				CLANG_WARN_BOOL_CONVERSION = YES;
				CLANG_WARN_COMMA = YES;
				CLANG_WARN_CONSTANT_CONVERSION = YES;
				CLANG_WARN_DEPRECATED_OBJC_IMPLEMENTATIONS = YES;
				CLANG_WARN_DIRECT_OBJC_ISA_USAGE = YES_ERROR;
				CLANG_WARN_DOCUMENTATION_COMMENTS = YES;
				CLANG_WARN_EMPTY_BODY = YES;
				CLANG_WARN_ENUM_CONVERSION = YES;
				CLANG_WARN_INFINITE_RECURSION = YES;
				CLANG_WARN_INT_CONVERSION = YES;
				CLANG_WARN_NON_LITERAL_NULL_CONVERSION = YES;
				CLANG_WARN_OBJC_IMPLICIT_RETAIN_SELF = YES;
				CLANG_WARN_OBJC_LITERAL_CONVERSION = YES;
				CLANG_WARN_OBJC_ROOT_CLASS = YES_ERROR;
				CLANG_WARN_QUOTED_INCLUDE_IN_FRAMEWORK_HEADER = YES;
				CLANG_WARN_RANGE_LOOP_ANALYSIS = YES;
				CLANG_WARN_STRICT_PROTOTYPES = YES;
				CLANG_WARN_SUSPICIOUS_MOVE = YES;
				CLANG_WARN_UNGUARDED_AVAILABILITY = YES_AGGRESSIVE;
				CLANG_WARN_UNREACHABLE_CODE = YES;
				CLANG_WARN__DUPLICATE_METHOD_MATCH = YES;
				COPY_PHASE_STRIP = NO;
				DEBUG_INFORMATION_FORMAT = dwarf;
				ENABLE_STRICT_OBJC_MSGSEND = YES;
				ENABLE_TESTABILITY = YES;
				GCC_C_LANGUAGE_STANDARD = gnu11;
				GCC_DYNAMIC_NO_PIC = NO;
				GCC_NO_COMMON_BLOCKS = YES;
				GCC_OPTIMIZATION_LEVEL = 0;
				GCC_PREPROCESSOR_DEFINITIONS = (
					"DEBUG=1",
					"$(inherited)",
				);
				GCC_WARN_64_TO_32_BIT_CONVERSION = YES;
				GCC_WARN_ABOUT_RETURN_TYPE = YES_ERROR;
				GCC_WARN_UNDECLARED_SELECTOR = YES;
				GCC_WARN_UNINITIALIZED_AUTOS = YES_AGGRESSIVE;
				GCC_WARN_UNUSED_FUNCTION = YES;
				GCC_WARN_UNUSED_VARIABLE = YES;
				IPHONEOS_DEPLOYMENT_TARGET = 14.2;
				MTL_ENABLE_DEBUG_INFO = INCLUDE_SOURCE;
				MTL_FAST_MATH = YES;
				ONLY_ACTIVE_ARCH = YES;
				SDKROOT = iphoneos;
				SWIFT_ACTIVE_COMPILATION_CONDITIONS = DEBUG;
				SWIFT_OPTIMIZATION_LEVEL = "-Onone";
			};
			name = Debug;
		};
		9918201D261AE0140084CA33 /* Release */ = {
			isa = XCBuildConfiguration;
			buildSettings = {
				ALWAYS_SEARCH_USER_PATHS = NO;
				CLANG_ANALYZER_NONNULL = YES;
				CLANG_ANALYZER_NUMBER_OBJECT_CONVERSION = YES_AGGRESSIVE;
				CLANG_CXX_LANGUAGE_STANDARD = "gnu++14";
				CLANG_CXX_LIBRARY = "libc++";
				CLANG_ENABLE_MODULES = YES;
				CLANG_ENABLE_OBJC_ARC = YES;
				CLANG_ENABLE_OBJC_WEAK = YES;
				CLANG_WARN_BLOCK_CAPTURE_AUTORELEASING = YES;
				CLANG_WARN_BOOL_CONVERSION = YES;
				CLANG_WARN_COMMA = YES;
				CLANG_WARN_CONSTANT_CONVERSION = YES;
				CLANG_WARN_DEPRECATED_OBJC_IMPLEMENTATIONS = YES;
				CLANG_WARN_DIRECT_OBJC_ISA_USAGE = YES_ERROR;
				CLANG_WARN_DOCUMENTATION_COMMENTS = YES;
				CLANG_WARN_EMPTY_BODY = YES;
				CLANG_WARN_ENUM_CONVERSION = YES;
				CLANG_WARN_INFINITE_RECURSION = YES;
				CLANG_WARN_INT_CONVERSION = YES;
				CLANG_WARN_NON_LITERAL_NULL_CONVERSION = YES;
				CLANG_WARN_OBJC_IMPLICIT_RETAIN_SELF = YES;
				CLANG_WARN_OBJC_LITERAL_CONVERSION = YES;
				CLANG_WARN_OBJC_ROOT_CLASS = YES_ERROR;
				CLANG_WARN_QUOTED_INCLUDE_IN_FRAMEWORK_HEADER = YES;
				CLANG_WARN_RANGE_LOOP_ANALYSIS = YES;
				CLANG_WARN_STRICT_PROTOTYPES = YES;
				CLANG_WARN_SUSPICIOUS_MOVE = YES;
				CLANG_WARN_UNGUARDED_AVAILABILITY = YES_AGGRESSIVE;
				CLANG_WARN_UNREACHABLE_CODE = YES;
				CLANG_WARN__DUPLICATE_METHOD_MATCH = YES;
				COPY_PHASE_STRIP = NO;
				DEBUG_INFORMATION_FORMAT = "dwarf-with-dsym";
				ENABLE_NS_ASSERTIONS = NO;
				ENABLE_STRICT_OBJC_MSGSEND = YES;
				GCC_C_LANGUAGE_STANDARD = gnu11;
				GCC_NO_COMMON_BLOCKS = YES;
				GCC_WARN_64_TO_32_BIT_CONVERSION = YES;
				GCC_WARN_ABOUT_RETURN_TYPE = YES_ERROR;
				GCC_WARN_UNDECLARED_SELECTOR = YES;
				GCC_WARN_UNINITIALIZED_AUTOS = YES_AGGRESSIVE;
				GCC_WARN_UNUSED_FUNCTION = YES;
				GCC_WARN_UNUSED_VARIABLE = YES;
				IPHONEOS_DEPLOYMENT_TARGET = 14.2;
				MTL_ENABLE_DEBUG_INFO = NO;
				MTL_FAST_MATH = YES;
				SDKROOT = iphoneos;
				SWIFT_COMPILATION_MODE = wholemodule;
				SWIFT_OPTIMIZATION_LEVEL = "-O";
				VALIDATE_PRODUCT = YES;
			};
			name = Release;
		};
		9918201F261AE0140084CA33 /* Debug */ = {
			isa = XCBuildConfiguration;
			baseConfigurationReference = 7473B7F3E8BC4E387E339B50 /* Pods-Phrasy.debug.xcconfig */;
			buildSettings = {
				ASSETCATALOG_COMPILER_APPICON_NAME = AppIcon;
				ASSETCATALOG_COMPILER_GLOBAL_ACCENT_COLOR_NAME = AccentColor;
				CODE_SIGN_STYLE = Automatic;
				DEVELOPMENT_TEAM = LB38XBJ384;
				INFOPLIST_FILE = Phrasy/Info.plist;
				LD_RUNPATH_SEARCH_PATHS = (
					"$(inherited)",
					"@executable_path/Frameworks",
				);
				PRODUCT_BUNDLE_IDENTIFIER = com.phrasy.phrasydevs;
				PRODUCT_NAME = "$(TARGET_NAME)";
				SWIFT_VERSION = 5.0;
				TARGETED_DEVICE_FAMILY = "1,2";
			};
			name = Debug;
		};
		99182020261AE0140084CA33 /* Release */ = {
			isa = XCBuildConfiguration;
			baseConfigurationReference = A89C55CDDE93288CF707E59C /* Pods-Phrasy.release.xcconfig */;
			buildSettings = {
				ASSETCATALOG_COMPILER_APPICON_NAME = AppIcon;
				ASSETCATALOG_COMPILER_GLOBAL_ACCENT_COLOR_NAME = AccentColor;
				CODE_SIGN_STYLE = Automatic;
				DEVELOPMENT_TEAM = LB38XBJ384;
				INFOPLIST_FILE = Phrasy/Info.plist;
				LD_RUNPATH_SEARCH_PATHS = (
					"$(inherited)",
					"@executable_path/Frameworks",
				);
				PRODUCT_BUNDLE_IDENTIFIER = com.phrasy.phrasydevs;
				PRODUCT_NAME = "$(TARGET_NAME)";
				SWIFT_VERSION = 5.0;
				TARGETED_DEVICE_FAMILY = "1,2";
			};
			name = Release;
		};
/* End XCBuildConfiguration section */

/* Begin XCConfigurationList section */
		99182005261AE00F0084CA33 /* Build configuration list for PBXProject "Phrasy" */ = {
			isa = XCConfigurationList;
			buildConfigurations = (
				9918201C261AE0140084CA33 /* Debug */,
				9918201D261AE0140084CA33 /* Release */,
			);
			defaultConfigurationIsVisible = 0;
			defaultConfigurationName = Release;
		};
		9918201E261AE0140084CA33 /* Build configuration list for PBXNativeTarget "Phrasy" */ = {
			isa = XCConfigurationList;
			buildConfigurations = (
				9918201F261AE0140084CA33 /* Debug */,
				99182020261AE0140084CA33 /* Release */,
			);
			defaultConfigurationIsVisible = 0;
			defaultConfigurationName = Release;
		};
/* End XCConfigurationList section */
	};
	rootObject = 99182002261AE00F0084CA33 /* Project object */;
}
